
Microsoft Visual Studio Solution File, Format Version 12.00
# Visual Studio Version 17
VisualStudioVersion = 17.0.32112.339
MinimumVisualStudioVersion = 10.0.40219.1
Project("{9A19103F-16F7-4668-BE54-9A1E7A4F7556}") = "box.api", "box.api\box.api.csproj", "{54EE7023-C394-4275-A065-929835E45E35}"
EndProject
Project("{9A19103F-16F7-4668-BE54-9A1E7A4F7556}") = "box.application", "box.application\box.application.csproj", "{43507BCE-1CEC-4888-B163-36E36C776B4F}"
EndProject
Project("{9A19103F-16F7-4668-BE54-9A1E7A4F7556}") = "box.infrastructure", "box.infrastructure\box.infrastructure.csproj", "{D3693FF0-52F3-4134-B9C5-57DE50CF5B36}"
EndProject
Project("{00D1A9C2-B5F0-4AF3-8072-F6C62B433612}") = "box.database", "box.database\box.database.sqlproj", "{8978E43F-8821-45C4-A92A-70A6FDB2A593}"
EndProject
Global
	GlobalSection(SolutionConfigurationPlatforms) = preSolution
		Debug|Any CPU = Debug|Any CPU
		Release|Any CPU = Release|Any CPU
	EndGlobalSection
	GlobalSection(ProjectConfigurationPlatforms) = postSolution
		{54EE7023-C394-4275-A065-929835E45E35}.Debug|Any CPU.ActiveCfg = Debug|Any CPU
		{54EE7023-C394-4275-A065-929835E45E35}.Debug|Any CPU.Build.0 = Debug|Any CPU
		{54EE7023-C394-4275-A065-929835E45E35}.Release|Any CPU.ActiveCfg = Release|Any CPU
		{54EE7023-C394-4275-A065-929835E45E35}.Release|Any CPU.Build.0 = Release|Any CPU
		{43507BCE-1CEC-4888-B163-36E36C776B4F}.Debug|Any CPU.ActiveCfg = Debug|Any CPU
		{43507BCE-1CEC-4888-B163-36E36C776B4F}.Debug|Any CPU.Build.0 = Debug|Any CPU
		{43507BCE-1CEC-4888-B163-36E36C776B4F}.Release|Any CPU.ActiveCfg = Release|Any CPU
		{43507BCE-1CEC-4888-B163-36E36C776B4F}.Release|Any CPU.Build.0 = Release|Any CPU
		{D3693FF0-52F3-4134-B9C5-57DE50CF5B36}.Debug|Any CPU.ActiveCfg = Debug|Any CPU
		{D3693FF0-52F3-4134-B9C5-57DE50CF5B36}.Debug|Any CPU.Build.0 = Debug|Any CPU
		{D3693FF0-52F3-4134-B9C5-57DE50CF5B36}.Release|Any CPU.ActiveCfg = Release|Any CPU
		{D3693FF0-52F3-4134-B9C5-57DE50CF5B36}.Release|Any CPU.Build.0 = Release|Any CPU
		{8978E43F-8821-45C4-A92A-70A6FDB2A593}.Debug|Any CPU.ActiveCfg = Debug|Any CPU
		{8978E43F-8821-45C4-A92A-70A6FDB2A593}.Debug|Any CPU.Build.0 = Debug|Any CPU
		{8978E43F-8821-45C4-A92A-70A6FDB2A593}.Debug|Any CPU.Deploy.0 = Debug|Any CPU
		{8978E43F-8821-45C4-A92A-70A6FDB2A593}.Release|Any CPU.ActiveCfg = Release|Any CPU
		{8978E43F-8821-45C4-A92A-70A6FDB2A593}.Release|Any CPU.Deploy.0 = Release|Any CPU
	EndGlobalSection
	GlobalSection(SolutionProperties) = preSolution
		HideSolutionNode = FALSE
	EndGlobalSection
	GlobalSection(ExtensibilityGlobals) = postSolution
		SolutionGuid = {AAB03620-6F6F-4B09-B997-2E252167BCF5}
	EndGlobalSection
EndGlobal
