
Microsoft Visual Studio Solution File, Format Version 12.00
# Visual Studio Version 17
VisualStudioVersion = 17.0.32112.339
MinimumVisualStudioVersion = 10.0.40219.1
Project("{FAE04EC0-301F-11D3-BF4B-00C04F79EFBC}") = "Box", "Box\Box.csproj", "{B6011108-6C75-44B6-80CD-33FD01DA735D}"
EndProject
Global
	GlobalSection(SolutionConfigurationPlatforms) = preSolution
		Debug|Any CPU = Debug|Any CPU
		Release|Any CPU = Release|Any CPU
	EndGlobalSection
	GlobalSection(ProjectConfigurationPlatforms) = postSolution
		{B6011108-6C75-44B6-80CD-33FD01DA735D}.Debug|Any CPU.ActiveCfg = Debug|Any CPU
		{B6011108-6C75-44B6-80CD-33FD01DA735D}.Debug|Any CPU.Build.0 = Debug|Any CPU
		{B6011108-6C75-44B6-80CD-33FD01DA735D}.Release|Any CPU.ActiveCfg = Release|Any CPU
		{B6011108-6C75-44B6-80CD-33FD01DA735D}.Release|Any CPU.Build.0 = Release|Any CPU
	EndGlobalSection
	GlobalSection(SolutionProperties) = preSolution
		HideSolutionNode = FALSE
	EndGlobalSection
	GlobalSection(ExtensibilityGlobals) = postSolution
		SolutionGuid = {AAB03620-6F6F-4B09-B997-2E252167BCF5}
	EndGlobalSection
EndGlobal
